// !$*UTF8*$!
{
	archiveVersion = 1;
	classes = {
	};
	objectVersion = 46;
	objects = {

/* Begin PBXBuildFile section */
		ABF9B7DE1C3EC01D00373C93 /* main.m in Sources */ = {isa = PBXBuildFile; fileRef = ABF9B7DD1C3EC01D00373C93 /* main.m */; };
		ABF9B7E11C3EC01D00373C93 /* AppDelegate.m in Sources */ = {isa = PBXBuildFile; fileRef = ABF9B7E01C3EC01D00373C93 /* AppDelegate.m */; };
		ABF9B7E41C3EC01D00373C93 /* ViewController.m in Sources */ = {isa = PBXBuildFile; fileRef = ABF9B7E31C3EC01D00373C93 /* ViewController.m */; };
		ABF9B7E91C3EC01D00373C93 /* Images.xcassets in Resources */ = {isa = PBXBuildFile; fileRef = ABF9B7E81C3EC01D00373C93 /* Images.xcassets */; };
		ABF9B7F81C3EC01D00373C93 /* FinancialCommunityTests.m in Sources */ = {isa = PBXBuildFile; fileRef = ABF9B7F71C3EC01D00373C93 /* FinancialCommunityTests.m */; };
/* End PBXBuildFile section */

/* Begin PBXContainerItemProxy section */
		ABF9B7F21C3EC01D00373C93 /* PBXContainerItemProxy */ = {
			isa = PBXContainerItemProxy;
			containerPortal = ABF9B7D01C3EC01D00373C93 /* Project object */;
			proxyType = 1;
			remoteGlobalIDString = ABF9B7D71C3EC01D00373C93;
			remoteInfo = FinancialCommunity;
		};
/* End PBXContainerItemProxy section */

/* Begin PBXFileReference section */
		ABF9B7D81C3EC01D00373C93 /* FinancialCommunity.app */ = {isa = PBXFileReference; explicitFileType = wrapper.application; includeInIndex = 0; path = FinancialCommunity.app; sourceTree = BUILT_PRODUCTS_DIR; };
		ABF9B7DC1C3EC01D00373C93 /* Info.plist */ = {isa = PBXFileReference; lastKnownFileType = text.plist.xml; path = Info.plist; sourceTree = "<group>"; };
		ABF9B7DD1C3EC01D00373C93 /* main.m */ = {isa = PBXFileReference; lastKnownFileType = sourcecode.c.objc; path = main.m; sourceTree = "<group>"; };
		ABF9B7DF1C3EC01D00373C93 /* AppDelegate.h */ = {isa = PBXFileReference; lastKnownFileType = sourcecode.c.h; path = AppDelegate.h; sourceTree = "<group>"; };
		ABF9B7E01C3EC01D00373C93 /* AppDelegate.m */ = {isa = PBXFileReference; lastKnownFileType = sourcecode.c.objc; path = AppDelegate.m; sourceTree = "<group>"; };
		ABF9B7E21C3EC01D00373C93 /* ViewController.h */ = {isa = PBXFileReference; lastKnownFileType = sourcecode.c.h; path = ViewController.h; sourceTree = "<group>"; };
		ABF9B7E31C3EC01D00373C93 /* ViewController.m */ = {isa = PBXFileReference; lastKnownFileType = sourcecode.c.objc; path = ViewController.m; sourceTree = "<group>"; };
		ABF9B7E81C3EC01D00373C93 /* Images.xcassets */ = {isa = PBXFileReference; lastKnownFileType = folder.assetcatalog; path = Images.xcassets; sourceTree = "<group>"; };
		ABF9B7F11C3EC01D00373C93 /* FinancialCommunityTests.xctest */ = {isa = PBXFileReference; explicitFileType = wrapper.cfbundle; includeInIndex = 0; path = FinancialCommunityTests.xctest; sourceTree = BUILT_PRODUCTS_DIR; };
		ABF9B7F61C3EC01D00373C93 /* Info.plist */ = {isa = PBXFileReference; lastKnownFileType = text.plist.xml; path = Info.plist; sourceTree = "<group>"; };
		ABF9B7F71C3EC01D00373C93 /* FinancialCommunityTests.m */ = {isa = PBXFileReference; lastKnownFileType = sourcecode.c.objc; path = FinancialCommunityTests.m; sourceTree = "<group>"; };
/* End PBXFileReference section */

/* Begin PBXFrameworksBuildPhase section */
		ABF9B7D51C3EC01D00373C93 /* Frameworks */ = {
			isa = PBXFrameworksBuildPhase;
			buildActionMask = 2147483647;
			files = (
			);
			runOnlyForDeploymentPostprocessing = 0;
		};
		ABF9B7EE1C3EC01D00373C93 /* Frameworks */ = {
			isa = PBXFrameworksBuildPhase;
			buildActionMask = 2147483647;
			files = (
			);
			runOnlyForDeploymentPostprocessing = 0;
		};
/* End PBXFrameworksBuildPhase section */

/* Begin PBXGroup section */
		ABF9B7CF1C3EC01D00373C93 = {
			isa = PBXGroup;
			children = (
				ABF9B7DA1C3EC01D00373C93 /* FinancialCommunity */,
				ABF9B7F41C3EC01D00373C93 /* FinancialCommunityTests */,
				ABF9B7D91C3EC01D00373C93 /* Products */,
			);
			sourceTree = "<group>";
		};
		ABF9B7D91C3EC01D00373C93 /* Products */ = {
			isa = PBXGroup;
			children = (
				ABF9B7D81C3EC01D00373C93 /* FinancialCommunity.app */,
				ABF9B7F11C3EC01D00373C93 /* FinancialCommunityTests.xctest */,
			);
			name = Products;
			sourceTree = "<group>";
		};
		ABF9B7DA1C3EC01D00373C93 /* FinancialCommunity */ = {
			isa = PBXGroup;
			children = (
				ABF9B7DF1C3EC01D00373C93 /* AppDelegate.h */,
				ABF9B7E01C3EC01D00373C93 /* AppDelegate.m */,
				ABF9B7E21C3EC01D00373C93 /* ViewController.h */,
				ABF9B7E31C3EC01D00373C93 /* ViewController.m */,
				ABF9B7E81C3EC01D00373C93 /* Images.xcassets */,
				ABF9B7DB1C3EC01D00373C93 /* Supporting Files */,
			);
			path = FinancialCommunity;
			sourceTree = "<group>";
		};
		ABF9B7DB1C3EC01D00373C93 /* Supporting Files */ = {
			isa = PBXGroup;
			children = (
				ABF9B7DC1C3EC01D00373C93 /* Info.plist */,
				ABF9B7DD1C3EC01D00373C93 /* main.m */,
			);
			name = "Supporting Files";
			sourceTree = "<group>";
		};
		ABF9B7F41C3EC01D00373C93 /* FinancialCommunityTests */ = {
			isa = PBXGroup;
			children = (
				ABF9B7F71C3EC01D00373C93 /* FinancialCommunityTests.m */,
				ABF9B7F51C3EC01D00373C93 /* Supporting Files */,
			);
			path = FinancialCommunityTests;
			sourceTree = "<group>";
		};
		ABF9B7F51C3EC01D00373C93 /* Supporting Files */ = {
			isa = PBXGroup;
			children = (
				ABF9B7F61C3EC01D00373C93 /* Info.plist */,
			);
			name = "Supporting Files";
			sourceTree = "<group>";
		};
/* End PBXGroup section */

/* Begin PBXNativeTarget section */
		ABF9B7D71C3EC01D00373C93 /* FinancialCommunity */ = {
			isa = PBXNativeTarget;
			buildConfigurationList = ABF9B7FB1C3EC01D00373C93 /* Build configuration list for PBXNativeTarget "FinancialCommunity" */;
			buildPhases = (
				ABF9B7D41C3EC01D00373C93 /* Sources */,
				ABF9B7D51C3EC01D00373C93 /* Frameworks */,
				ABF9B7D61C3EC01D00373C93 /* Resources */,
			);
			buildRules = (
			);
			dependencies = (
			);
			name = FinancialCommunity;
			productName = FinancialCommunity;
			productReference = ABF9B7D81C3EC01D00373C93 /* FinancialCommunity.app */;
			productType = "com.apple.product-type.application";
		};
		ABF9B7F01C3EC01D00373C93 /* FinancialCommunityTests */ = {
			isa = PBXNativeTarget;
			buildConfigurationList = ABF9B7FE1C3EC01D00373C93 /* Build configuration list for PBXNativeTarget "FinancialCommunityTests" */;
			buildPhases = (
				ABF9B7ED1C3EC01D00373C93 /* Sources */,
				ABF9B7EE1C3EC01D00373C93 /* Frameworks */,
				ABF9B7EF1C3EC01D00373C93 /* Resources */,
			);
			buildRules = (
			);
			dependencies = (
				ABF9B7F31C3EC01D00373C93 /* PBXTargetDependency */,
			);
			name = FinancialCommunityTests;
			productName = FinancialCommunityTests;
			productReference = ABF9B7F11C3EC01D00373C93 /* FinancialCommunityTests.xctest */;
			productType = "com.apple.product-type.bundle.unit-test";
		};
/* End PBXNativeTarget section */

/* Begin PBXProject section */
		ABF9B7D01C3EC01D00373C93 /* Project object */ = {
			isa = PBXProject;
			attributes = {
				LastUpgradeCheck = 0610;
				ORGANIZATIONNAME = Czc;
				TargetAttributes = {
					ABF9B7D71C3EC01D00373C93 = {
						CreatedOnToolsVersion = 6.1.1;
					};
					ABF9B7F01C3EC01D00373C93 = {
						CreatedOnToolsVersion = 6.1.1;
						TestTargetID = ABF9B7D71C3EC01D00373C93;
					};
				};
			};
			buildConfigurationList = ABF9B7D31C3EC01D00373C93 /* Build configuration list for PBXProject "FinancialCommunity" */;
			compatibilityVersion = "Xcode 3.2";
			developmentRegion = English;
			hasScannedForEncodings = 0;
			knownRegions = (
				en,
				Base,
			);
			mainGroup = ABF9B7CF1C3EC01D00373C93;
			productRefGroup = ABF9B7D91C3EC01D00373C93 /* Products */;
			projectDirPath = "";
			projectRoot = "";
			targets = (
				ABF9B7D71C3EC01D00373C93 /* FinancialCommunity */,
				ABF9B7F01C3EC01D00373C93 /* FinancialCommunityTests */,
			);
		};
/* End PBXProject section */

/* Begin PBXResourcesBuildPhase section */
		ABF9B7D61C3EC01D00373C93 /* Resources */ = {
			isa = PBXResourcesBuildPhase;
			buildActionMask = 2147483647;
			files = (
				ABF9B7E91C3EC01D00373C93 /* Images.xcassets in Resources */,
			);
			runOnlyForDeploymentPostprocessing = 0;
		};
		ABF9B7EF1C3EC01D00373C93 /* Resources */ = {
			isa = PBXResourcesBuildPhase;
			buildActionMask = 2147483647;
			files = (
			);
			runOnlyForDeploymentPostprocessing = 0;
		};
/* End PBXResourcesBuildPhase section */

/* Begin PBXSourcesBuildPhase section */
		ABF9B7D41C3EC01D00373C93 /* Sources */ = {
			isa = PBXSourcesBuildPhase;
			buildActionMask = 2147483647;
			files = (
				ABF9B7E41C3EC01D00373C93 /* ViewController.m in Sources */,
				ABF9B7E11C3EC01D00373C93 /* AppDelegate.m in Sources */,
				ABF9B7DE1C3EC01D00373C93 /* main.m in Sources */,
			);
			runOnlyForDeploymentPostprocessing = 0;
		};
		ABF9B7ED1C3EC01D00373C93 /* Sources */ = {
			isa = PBXSourcesBuildPhase;
			buildActionMask = 2147483647;
			files = (
				ABF9B7F81C3EC01D00373C93 /* FinancialCommunityTests.m in Sources */,
			);
			runOnlyForDeploymentPostprocessing = 0;
		};
/* End PBXSourcesBuildPhase section */

/* Begin PBXTargetDependency section */
		ABF9B7F31C3EC01D00373C93 /* PBXTargetDependency */ = {
			isa = PBXTargetDependency;
			target = ABF9B7D71C3EC01D00373C93 /* FinancialCommunity */;
			targetProxy = ABF9B7F21C3EC01D00373C93 /* PBXContainerItemProxy */;
		};
/* End PBXTargetDependency section */

/* Begin XCBuildConfiguration section */
		ABF9B7F91C3EC01D00373C93 /* Debug */ = {
			isa = XCBuildConfiguration;
			buildSettings = {
				ALWAYS_SEARCH_USER_PATHS = NO;
				CLANG_CXX_LANGUAGE_STANDARD = "gnu++0x";
				CLANG_CXX_LIBRARY = "libc++";
				CLANG_ENABLE_MODULES = YES;
				CLANG_ENABLE_OBJC_ARC = YES;
				CLANG_WARN_BOOL_CONVERSION = YES;
				CLANG_WARN_CONSTANT_CONVERSION = YES;
				CLANG_WARN_DIRECT_OBJC_ISA_USAGE = YES_ERROR;
				CLANG_WARN_EMPTY_BODY = YES;
				CLANG_WARN_ENUM_CONVERSION = YES;
				CLANG_WARN_INT_CONVERSION = YES;
				CLANG_WARN_OBJC_ROOT_CLASS = YES_ERROR;
				CLANG_WARN_UNREACHABLE_CODE = YES;
				CLANG_WARN__DUPLICATE_METHOD_MATCH = YES;
				"CODE_SIGN_IDENTITY[sdk=iphoneos*]" = "iPhone Developer";
				COPY_PHASE_STRIP = NO;
				ENABLE_STRICT_OBJC_MSGSEND = YES;
				GCC_C_LANGUAGE_STANDARD = gnu99;
				GCC_DYNAMIC_NO_PIC = NO;
				GCC_OPTIMIZATION_LEVEL = 0;
				GCC_PREPROCESSOR_DEFINITIONS = (
					"DEBUG=1",
					"$(inherited)",
				);
				GCC_SYMBOLS_PRIVATE_EXTERN = NO;
				GCC_WARN_64_TO_32_BIT_CONVERSION = YES;
				GCC_WARN_ABOUT_RETURN_TYPE = YES_ERROR;
				GCC_WARN_UNDECLARED_SELECTOR = YES;
				GCC_WARN_UNINITIALIZED_AUTOS = YES_AGGRESSIVE;
				GCC_WARN_UNUSED_FUNCTION = YES;
				GCC_WARN_UNUSED_VARIABLE = YES;
				IPHONEOS_DEPLOYMENT_TARGET = 8.1;
				MTL_ENABLE_DEBUG_INFO = YES;
				ONLY_ACTIVE_ARCH = YES;
				SDKROOT = iphoneos;
			};
			name = Debug;
		};
		ABF9B7FA1C3EC01D00373C93 /* Release */ = {
			isa = XCBuildConfiguration;
			buildSettings = {
				ALWAYS_SEARCH_USER_PATHS = NO;
				CLANG_CXX_LANGUAGE_STANDARD = "gnu++0x";
				CLANG_CXX_LIBRARY = "libc++";
				CLANG_ENABLE_MODULES = YES;
				CLANG_ENABLE_OBJC_ARC = YES;
				CLANG_WARN_BOOL_CONVERSION = YES;
				CLANG_WARN_CONSTANT_CONVERSION = YES;
				CLANG_WARN_DIRECT_OBJC_ISA_USAGE = YES_ERROR;
				CLANG_WARN_EMPTY_BODY = YES;
				CLANG_WARN_ENUM_CONVERSION = YES;
				CLANG_WARN_INT_CONVERSION = YES;
				CLANG_WARN_OBJC_ROOT_CLASS = YES_ERROR;
				CLANG_WARN_UNREACHABLE_CODE = YES;
				CLANG_WARN__DUPLICATE_METHOD_MATCH = YES;
				"CODE_SIGN_IDENTITY[sdk=iphoneos*]" = "iPhone Developer";
				COPY_PHASE_STRIP = YES;
				ENABLE_NS_ASSERTIONS = NO;
				ENABLE_STRICT_OBJC_MSGSEND = YES;
				GCC_C_LANGUAGE_STANDARD = gnu99;
				GCC_WARN_64_TO_32_BIT_CONVERSION = YES;
				GCC_WARN_ABOUT_RETURN_TYPE = YES_ERROR;
				GCC_WARN_UNDECLARED_SELECTOR = YES;
				GCC_WARN_UNINITIALIZED_AUTOS = YES_AGGRESSIVE;
				GCC_WARN_UNUSED_FUNCTION = YES;
				GCC_WARN_UNUSED_VARIABLE = YES;
				IPHONEOS_DEPLOYMENT_TARGET = 8.1;
				MTL_ENABLE_DEBUG_INFO = NO;
				SDKROOT = iphoneos;
				VALIDATE_PRODUCT = YES;
			};
			name = Release;
		};
		ABF9B7FC1C3EC01D00373C93 /* Debug */ = {
			isa = XCBuildConfiguration;
			buildSettings = {
				ASSETCATALOG_COMPILER_APPICON_NAME = AppIcon;
				INFOPLIST_FILE = FinancialCommunity/Info.plist;
				LD_RUNPATH_SEARCH_PATHS = "$(inherited) @executable_path/Frameworks";
				PRODUCT_NAME = "$(TARGET_NAME)";
			};
			name = Debug;
		};
		ABF9B7FD1C3EC01D00373C93 /* Release */ = {
			isa = XCBuildConfiguration;
			buildSettings = {
				ASSETCATALOG_COMPILER_APPICON_NAME = AppIcon;
				INFOPLIST_FILE = FinancialCommunity/Info.plist;
				LD_RUNPATH_SEARCH_PATHS = "$(inherited) @executable_path/Frameworks";
				PRODUCT_NAME = "$(TARGET_NAME)";
			};
			name = Release;
		};
		ABF9B7FF1C3EC01D00373C93 /* Debug */ = {
			isa = XCBuildConfiguration;
			buildSettings = {
				BUNDLE_LOADER = "$(TEST_HOST)";
				FRAMEWORK_SEARCH_PATHS = (
					"$(SDKROOT)/Developer/Library/Frameworks",
					"$(inherited)",
				);
				GCC_PREPROCESSOR_DEFINITIONS = (
					"DEBUG=1",
					"$(inherited)",
				);
				INFOPLIST_FILE = FinancialCommunityTests/Info.plist;
				LD_RUNPATH_SEARCH_PATHS = "$(inherited) @executable_path/Frameworks @loader_path/Frameworks";
				PRODUCT_NAME = "$(TARGET_NAME)";
				TEST_HOST = "$(BUILT_PRODUCTS_DIR)/FinancialCommunity.app/FinancialCommunity";
			};
			name = Debug;
		};
		ABF9B8001C3EC01D00373C93 /* Release */ = {
			isa = XCBuildConfiguration;
			buildSettings = {
				BUNDLE_LOADER = "$(TEST_HOST)";
				FRAMEWORK_SEARCH_PATHS = (
					"$(SDKROOT)/Developer/Library/Frameworks",
					"$(inherited)",
				);
				INFOPLIST_FILE = FinancialCommunityTests/Info.plist;
				LD_RUNPATH_SEARCH_PATHS = "$(inherited) @executable_path/Frameworks @loader_path/Frameworks";
				PRODUCT_NAME = "$(TARGET_NAME)";
				TEST_HOST = "$(BUILT_PRODUCTS_DIR)/FinancialCommunity.app/FinancialCommunity";
			};
			name = Release;
		};
/* End XCBuildConfiguration section */

/* Begin XCConfigurationList section */
		ABF9B7D31C3EC01D00373C93 /* Build configuration list for PBXProject "FinancialCommunity" */ = {
			isa = XCConfigurationList;
			buildConfigurations = (
				ABF9B7F91C3EC01D00373C93 /* Debug */,
				ABF9B7FA1C3EC01D00373C93 /* Release */,
			);
			defaultConfigurationIsVisible = 0;
			defaultConfigurationName = Release;
		};
		ABF9B7FB1C3EC01D00373C93 /* Build configuration list for PBXNativeTarget "FinancialCommunity" */ = {
			isa = XCConfigurationList;
			buildConfigurations = (
				ABF9B7FC1C3EC01D00373C93 /* Debug */,
				ABF9B7FD1C3EC01D00373C93 /* Release */,
			);
			defaultConfigurationIsVisible = 0;
		};
		ABF9B7FE1C3EC01D00373C93 /* Build configuration list for PBXNativeTarget "FinancialCommunityTests" */ = {
			isa = XCConfigurationList;
			buildConfigurations = (
				ABF9B7FF1C3EC01D00373C93 /* Debug */,
				ABF9B8001C3EC01D00373C93 /* Release */,
			);
			defaultConfigurationIsVisible = 0;
		};
/* End XCConfigurationList section */
	};
	rootObject = ABF9B7D01C3EC01D00373C93 /* Project object */;
}
